{
  "version": 4,
  "terraform_version": "1.13.5",
  "serial": 14,
  "lineage": "601cab84-c10f-b1f5-3df2-f3359fe88b60",
  "outputs": {},
  "resources": [
    {
      "mode": "managed",
      "type": "docker_container",
      "name": "web1",
      "provider": "provider[\"registry.terraform.io/kreuzwerker/docker\"]",
      "instances": [
        {
          "schema_version": 2,
          "attributes": {
            "attach": false,
            "bridge": "",
            "capabilities": [],
            "cgroup_parent": null,
            "cgroupns_mode": null,
            "command": [],
            "container_logs": null,
            "container_read_refresh_timeout_milliseconds": 15000,
            "cpu_period": null,
            "cpu_quota": null,
            "cpu_set": "",
            "cpu_shares": 0,
            "cpus": null,
            "destroy_grace_seconds": null,
            "devices": [],
            "dns": null,
            "dns_opts": null,
            "dns_search": null,
            "domainname": "",
            "entrypoint": [
              "/init"
            ],
            "env": [
              "PASSWORD_ACCESS=true",
              "PGID=1000",
              "PUBLIC_KEY=ssh-rsa ssh-rsa AAAAB3NzaC1yc2EAAAADAQABAAACAQC122k/LLuH34jMlPPwisniRHuV1ndAAHe02OHCbCxO9L1o8zUUi+XqjF+3cG1kwTXQBbOSx4alEjrqkJrKbVaK2w8ss26A1WM9JTq5vv4XT6Fa4INZI/crymSY0KqMfxm89DuGm4yxfG+yMKerAZU3CQ9OBKdPkECbjVWopJ38NBAWdiuOfNlcaczPNnxi8J6TK3tChW/Q+cRomAq/eeg1nJlK+V+HA7pUjxU3JSz16DAWgCYQAfcli0EyFYhD51LnytC7SDvJy0hnCLfLRpNGwyQHE3muCjmEg7oGFe3ZttTKIAEpg0G5xiQ8gLhv2zEwdUWrCpv17jHEexE5Q+ujFr6CTi9o5thbwquSEVdyInsMc+h7y4iASYUgb0P/2E+0BP/YWHdW4IFBXYr0fnaWWNJsFBvQrmrP+9EpUZ30gJLhiQ7SqkKQRDuxNuSKtf9X9hLHAhGdIgOrGcOyEUd65dDO4qtaGEZi4aYGK9NUZDbx6ko8L7dD85Kd9MJMh35zioHqNJO8xDMJ17frM9FqaR/YyJL0Z0NxAVmoEEPZjSRLHZA2yBuTab4Qez183tSdt6Rs3U3YytJWGm4ESqriKY871p7FAwJSbp3tAF+LPKjz6DYZxmIg+9jwZcoGJGsX+U1kSdpgFyF3iL3vFktVcXNHgiF5UjOXB3qrHzo7yQ== sjacc@AcerHydro",
              "PUID=1000",
              "TZ=Europe/Paris",
              "USER_NAME=root",
              "USER_PASSWORD=root"
            ],
            "exit_code": null,
            "gpus": null,
            "group_add": null,
            "healthcheck": null,
            "host": [],
            "hostname": "97902fdf0b29",
            "id": "97902fdf0b291a8bf9683858f749cfc7bfbe77d0110e49b5b83c0cf7f2b3b69e",
            "image": "sha256:f6ed4e429022c33a7590059b262b59d689c7ec48a0027179fad8ae3a1ad6222d",
            "init": false,
            "ipc_mode": "private",
            "labels": [],
            "log_driver": "json-file",
            "log_opts": null,
            "logs": false,
            "max_retry_count": 0,
            "memory": 0,
            "memory_swap": 0,
            "mounts": [],
            "must_run": true,
            "name": "web1",
            "network_data": [
              {
                "gateway": "172.22.0.1",
                "global_ipv6_address": "",
                "global_ipv6_prefix_length": 0,
                "ip_address": "172.22.0.2",
                "ip_prefix_length": 16,
                "ipv6_gateway": "",
                "mac_address": "8a:d5:0b:d7:c4:17",
                "network_name": "ansible_network"
              }
            ],
            "network_mode": "bridge",
            "networks_advanced": [
              {
                "aliases": [],
                "ipv4_address": "",
                "ipv6_address": "",
                "name": "ansible_network"
              }
            ],
            "pid_mode": "",
            "ports": [
              {
                "external": 2222,
                "internal": 22,
                "ip": "0.0.0.0",
                "protocol": "tcp"
              },
              {
                "external": 8080,
                "internal": 80,
                "ip": "0.0.0.0",
                "protocol": "tcp"
              }
            ],
            "privileged": false,
            "publish_all_ports": false,
            "read_only": false,
            "remove_volumes": true,
            "restart": "no",
            "rm": false,
            "runtime": "runc",
            "security_opts": [],
            "shm_size": 64,
            "start": true,
            "stdin_open": false,
            "stop_signal": "",
            "stop_timeout": 0,
            "storage_opts": null,
            "sysctls": null,
            "tmpfs": null,
            "tty": false,
            "ulimit": [],
            "upload": [],
            "user": "",
            "userns_mode": "",
            "volumes": [],
            "wait": false,
            "wait_timeout": 60,
            "working_dir": "/"
          },
          "sensitive_attributes": [],
          "identity_schema_version": 0,
          "private": "eyJzY2hlbWFfdmVyc2lvbiI6IjIifQ==",
          "dependencies": [
            "docker_image.ubuntu_ssh",
            "docker_network.private_network"
          ]
        }
      ]
    },
    {
      "mode": "managed",
      "type": "docker_image",
      "name": "ubuntu_ssh",
      "provider": "provider[\"registry.terraform.io/kreuzwerker/docker\"]",
      "instances": [
        {
          "schema_version": 0,
          "attributes": {
            "build": [],
            "force_remove": null,
            "id": "sha256:f6ed4e429022c33a7590059b262b59d689c7ec48a0027179fad8ae3a1ad6222dlinuxserver/openssh-server:latest",
            "image_id": "sha256:f6ed4e429022c33a7590059b262b59d689c7ec48a0027179fad8ae3a1ad6222d",
            "keep_locally": null,
            "name": "linuxserver/openssh-server:latest",
            "platform": null,
            "pull_triggers": null,
            "repo_digest": "linuxserver/openssh-server@sha256:f6ed4e429022c33a7590059b262b59d689c7ec48a0027179fad8ae3a1ad6222d",
            "timeouts": null,
            "triggers": null
          },
          "sensitive_attributes": [],
          "identity_schema_version": 0,
          "private": "eyJlMmJmYjczMC1lY2FhLTExZTYtOGY4OC0zNDM2M2JjN2M0YzAiOnsiY3JlYXRlIjoxMjAwMDAwMDAwMDAwLCJkZWxldGUiOjEyMDAwMDAwMDAwMDAsInVwZGF0ZSI6MTIwMDAwMDAwMDAwMH19"
        }
      ]
    },
    {
      "mode": "managed",
      "type": "docker_network",
      "name": "private_network",
      "provider": "provider[\"registry.terraform.io/kreuzwerker/docker\"]",
      "instances": [
        {
          "schema_version": 1,
          "attributes": {
            "attachable": false,
            "check_duplicate": null,
            "driver": "bridge",
            "id": "0112f66c45ffd00c7f178fe94c8f876405ceaf64f20127b0fba1c0b6e24e0b99",
            "ingress": false,
            "internal": false,
            "ipam_config": [
              {
                "aux_address": {},
                "gateway": "172.22.0.1",
                "ip_range": "",
                "subnet": "172.22.0.0/16"
              }
            ],
            "ipam_driver": "default",
            "ipam_options": {},
            "ipv6": false,
            "labels": [],
            "name": "ansible_network",
            "options": {
              "com.docker.network.enable_ipv4": "true",
              "com.docker.network.enable_ipv6": "false"
            },
            "scope": "local"
          },
          "sensitive_attributes": [],
          "identity_schema_version": 0,
          "private": "eyJzY2hlbWFfdmVyc2lvbiI6IjEifQ=="
        }
      ]
    }
  ],
  "check_results": null
}
